// !$*UTF8*$!
{
	archiveVersion = 1;
	classes = {
	};
	objectVersion = 77;
	objects = {

/* Begin PBXBuildFile section */
		F218DFFD2F56FBA6001AD1D4 /* Card.swift in Sources */ = {isa = PBXBuildFile; fileRef = F218DFFC2F56FBA6001AD1D4 /* Card.swift */; };
		F218DFFF2F56FBBA001AD1D4 /* TravelCardView.swift in Sources */ = {isa = PBXBuildFile; fileRef = F218DFFE2F56FBBA001AD1D4 /* TravelCardView.swift */; };
		F22B46B22F56D8D2001384C9 /* TravelExpenses.swift in Sources */ = {isa = PBXBuildFile; fileRef = F22B46B12F56D8D2001384C9 /* TravelExpenses.swift */; };
		F22B46B42F56EFF0001384C9 /* View+Extension.swift in Sources */ = {isa = PBXBuildFile; fileRef = F22B46B32F56EFF0001384C9 /* View+Extension.swift */; };
		F28808242F5197C000413EE6 /* PaywallView.swift in Sources */ = {isa = PBXBuildFile; fileRef = F28808232F5197C000413EE6 /* PaywallView.swift */; };
		F28808262F51AB9700413EE6 /* ProductCardView.swift in Sources */ = {isa = PBXBuildFile; fileRef = F28808252F51AB9700413EE6 /* ProductCardView.swift */; };
		F28808292F51AF0A00413EE6 /* Package.swift in Sources */ = {isa = PBXBuildFile; fileRef = F28808282F51AF0A00413EE6 /* Package.swift */; };
		F288082B2F51B9E800413EE6 /* AlertItem.swift in Sources */ = {isa = PBXBuildFile; fileRef = F288082A2F51B9E800413EE6 /* AlertItem.swift */; };
		F288082E2F51C9D600413EE6 /* AddPlaceView.swift in Sources */ = {isa = PBXBuildFile; fileRef = F288082D2F51C9D600413EE6 /* AddPlaceView.swift */; };
		F28808312F51DB7800413EE6 /* Place.swift in Sources */ = {isa = PBXBuildFile; fileRef = F28808302F51DB7800413EE6 /* Place.swift */; };
		F28808342F51E1E600413EE6 /* HomeView.swift in Sources */ = {isa = PBXBuildFile; fileRef = F28808332F51E1E600413EE6 /* HomeView.swift */; };
		F2A5EA7C2F558DF50064C23E /* PopupView.swift in Sources */ = {isa = PBXBuildFile; fileRef = F2A5EA7B2F558DF50064C23E /* PopupView.swift */; };
		F2A5EA7F2F55A48F0064C23E /* PopupViewModel.swift in Sources */ = {isa = PBXBuildFile; fileRef = F2A5EA7E2F55A48F0064C23E /* PopupViewModel.swift */; };
		F2A5EA822F55A4FE0064C23E /* Country.swift in Sources */ = {isa = PBXBuildFile; fileRef = F2A5EA812F55A4FE0064C23E /* Country.swift */; };
		F2DA50EF2F504D7B008196FF /* Assets.xcassets in Resources */ = {isa = PBXBuildFile; fileRef = F2DA50EB2F504D7B008196FF /* Assets.xcassets */; };
		F2DA50F02F504D7B008196FF /* PermissionsView.swift in Sources */ = {isa = PBXBuildFile; fileRef = F2DA50EC2F504D7B008196FF /* PermissionsView.swift */; };
		F2DA50F12F504D7B008196FF /* SwiftUIChallangeApp.swift in Sources */ = {isa = PBXBuildFile; fileRef = F2DA50ED2F504D7B008196FF /* SwiftUIChallangeApp.swift */; };
		F2DA50F42F504D7E008196FF /* SwiftUIChallangeTests.swift in Sources */ = {isa = PBXBuildFile; fileRef = F2DA50F22F504D7E008196FF /* SwiftUIChallangeTests.swift */; };
		F2DA50F82F504D83008196FF /* SwiftUIChallangeUITests.swift in Sources */ = {isa = PBXBuildFile; fileRef = F2DA50F52F504D83008196FF /* SwiftUIChallangeUITests.swift */; };
		F2DA50F92F504D83008196FF /* SwiftUIChallangeUITestsLaunchTests.swift in Sources */ = {isa = PBXBuildFile; fileRef = F2DA50F62F504D83008196FF /* SwiftUIChallangeUITestsLaunchTests.swift */; };
		F2DA51002F504F20008196FF /* Color+Extension.swift in Sources */ = {isa = PBXBuildFile; fileRef = F2DA50FF2F504F20008196FF /* Color+Extension.swift */; };
		F2DA51032F504FFD008196FF /* PermissionCard.swift in Sources */ = {isa = PBXBuildFile; fileRef = F2DA51022F504FFD008196FF /* PermissionCard.swift */; };
		F2DA51062F505D75008196FF /* PermissionCardItem.swift in Sources */ = {isa = PBXBuildFile; fileRef = F2DA51052F505D75008196FF /* PermissionCardItem.swift */; };
		F2DA51092F50712C008196FF /* PermissionManager.swift in Sources */ = {isa = PBXBuildFile; fileRef = F2DA51072F50712C008196FF /* PermissionManager.swift */; };
		F2DA510B2F50714A008196FF /* AppPermissionType.swift in Sources */ = {isa = PBXBuildFile; fileRef = F2DA510A2F50714A008196FF /* AppPermissionType.swift */; };
		F2DA510D2F507168008196FF /* PermissionCardState.swift in Sources */ = {isa = PBXBuildFile; fileRef = F2DA510C2F507168008196FF /* PermissionCardState.swift */; };
		F2DA510F2F507FC0008196FF /* CGFloat+Extension.swift in Sources */ = {isa = PBXBuildFile; fileRef = F2DA510E2F507FC0008196FF /* CGFloat+Extension.swift */; };
		F2DA51122F508653008196FF /* SettingsView.swift in Sources */ = {isa = PBXBuildFile; fileRef = F2DA51112F508653008196FF /* SettingsView.swift */; };
		F2DA51142F509A05008196FF /* Line.swift in Sources */ = {isa = PBXBuildFile; fileRef = F2DA51132F509A05008196FF /* Line.swift */; };
		F2DA51162F509B38008196FF /* SettingSectionsView.swift in Sources */ = {isa = PBXBuildFile; fileRef = F2DA51152F509B38008196FF /* SettingSectionsView.swift */; };
/* End PBXBuildFile section */

/* Begin PBXContainerItemProxy section */
		F2DA50CF2F504D59008196FF /* PBXContainerItemProxy */ = {
			isa = PBXContainerItemProxy;
			containerPortal = F2DA50B92F504D57008196FF /* Project object */;
			proxyType = 1;
			remoteGlobalIDString = F2DA50C02F504D57008196FF;
			remoteInfo = SwiftUIChallange;
		};
		F2DA50D92F504D59008196FF /* PBXContainerItemProxy */ = {
			isa = PBXContainerItemProxy;
			containerPortal = F2DA50B92F504D57008196FF /* Project object */;
			proxyType = 1;
			remoteGlobalIDString = F2DA50C02F504D57008196FF;
			remoteInfo = SwiftUIChallange;
		};
/* End PBXContainerItemProxy section */

/* Begin PBXFileReference section */
		F218DFFC2F56FBA6001AD1D4 /* Card.swift */ = {isa = PBXFileReference; lastKnownFileType = sourcecode.swift; path = Card.swift; sourceTree = "<group>"; };
		F218DFFE2F56FBBA001AD1D4 /* TravelCardView.swift */ = {isa = PBXFileReference; lastKnownFileType = sourcecode.swift; path = TravelCardView.swift; sourceTree = "<group>"; };
		F22B46B12F56D8D2001384C9 /* TravelExpenses.swift */ = {isa = PBXFileReference; lastKnownFileType = sourcecode.swift; path = TravelExpenses.swift; sourceTree = "<group>"; };
		F22B46B32F56EFF0001384C9 /* View+Extension.swift */ = {isa = PBXFileReference; lastKnownFileType = sourcecode.swift; path = "View+Extension.swift"; sourceTree = "<group>"; };
		F28808232F5197C000413EE6 /* PaywallView.swift */ = {isa = PBXFileReference; lastKnownFileType = sourcecode.swift; path = PaywallView.swift; sourceTree = "<group>"; };
		F28808252F51AB9700413EE6 /* ProductCardView.swift */ = {isa = PBXFileReference; lastKnownFileType = sourcecode.swift; path = ProductCardView.swift; sourceTree = "<group>"; };
		F28808282F51AF0A00413EE6 /* Package.swift */ = {isa = PBXFileReference; lastKnownFileType = sourcecode.swift; path = Package.swift; sourceTree = "<group>"; };
		F288082A2F51B9E800413EE6 /* AlertItem.swift */ = {isa = PBXFileReference; lastKnownFileType = sourcecode.swift; path = AlertItem.swift; sourceTree = "<group>"; };
		F288082D2F51C9D600413EE6 /* AddPlaceView.swift */ = {isa = PBXFileReference; lastKnownFileType = sourcecode.swift; path = AddPlaceView.swift; sourceTree = "<group>"; };
		F28808302F51DB7800413EE6 /* Place.swift */ = {isa = PBXFileReference; lastKnownFileType = sourcecode.swift; path = Place.swift; sourceTree = "<group>"; };
		F28808332F51E1E600413EE6 /* HomeView.swift */ = {isa = PBXFileReference; lastKnownFileType = sourcecode.swift; path = HomeView.swift; sourceTree = "<group>"; };
		F2A5EA7B2F558DF50064C23E /* PopupView.swift */ = {isa = PBXFileReference; lastKnownFileType = sourcecode.swift; path = PopupView.swift; sourceTree = "<group>"; };
		F2A5EA7E2F55A48F0064C23E /* PopupViewModel.swift */ = {isa = PBXFileReference; lastKnownFileType = sourcecode.swift; path = PopupViewModel.swift; sourceTree = "<group>"; };
		F2A5EA812F55A4FE0064C23E /* Country.swift */ = {isa = PBXFileReference; lastKnownFileType = sourcecode.swift; path = Country.swift; sourceTree = "<group>"; };
		F2DA50C12F504D57008196FF /* SwiftUIChallange.app */ = {isa = PBXFileReference; explicitFileType = wrapper.application; includeInIndex = 0; path = SwiftUIChallange.app; sourceTree = BUILT_PRODUCTS_DIR; };
		F2DA50CE2F504D59008196FF /* SwiftUIChallangeTests.xctest */ = {isa = PBXFileReference; explicitFileType = wrapper.cfbundle; includeInIndex = 0; path = SwiftUIChallangeTests.xctest; sourceTree = BUILT_PRODUCTS_DIR; };
		F2DA50D82F504D59008196FF /* SwiftUIChallangeUITests.xctest */ = {isa = PBXFileReference; explicitFileType = wrapper.cfbundle; includeInIndex = 0; path = SwiftUIChallangeUITests.xctest; sourceTree = BUILT_PRODUCTS_DIR; };
		F2DA50EB2F504D7B008196FF /* Assets.xcassets */ = {isa = PBXFileReference; lastKnownFileType = folder.assetcatalog; path = Assets.xcassets; sourceTree = "<group>"; };
		F2DA50EC2F504D7B008196FF /* PermissionsView.swift */ = {isa = PBXFileReference; lastKnownFileType = sourcecode.swift; path = PermissionsView.swift; sourceTree = "<group>"; };
		F2DA50ED2F504D7B008196FF /* SwiftUIChallangeApp.swift */ = {isa = PBXFileReference; lastKnownFileType = sourcecode.swift; path = SwiftUIChallangeApp.swift; sourceTree = "<group>"; };
		F2DA50F22F504D7E008196FF /* SwiftUIChallangeTests.swift */ = {isa = PBXFileReference; lastKnownFileType = sourcecode.swift; path = SwiftUIChallangeTests.swift; sourceTree = "<group>"; };
		F2DA50F52F504D83008196FF /* SwiftUIChallangeUITests.swift */ = {isa = PBXFileReference; lastKnownFileType = sourcecode.swift; path = SwiftUIChallangeUITests.swift; sourceTree = "<group>"; };
		F2DA50F62F504D83008196FF /* SwiftUIChallangeUITestsLaunchTests.swift */ = {isa = PBXFileReference; lastKnownFileType = sourcecode.swift; path = SwiftUIChallangeUITestsLaunchTests.swift; sourceTree = "<group>"; };
		F2DA50FF2F504F20008196FF /* Color+Extension.swift */ = {isa = PBXFileReference; lastKnownFileType = sourcecode.swift; path = "Color+Extension.swift"; sourceTree = "<group>"; };
		F2DA51022F504FFD008196FF /* PermissionCard.swift */ = {isa = PBXFileReference; lastKnownFileType = sourcecode.swift; path = PermissionCard.swift; sourceTree = "<group>"; };
		F2DA51052F505D75008196FF /* PermissionCardItem.swift */ = {isa = PBXFileReference; lastKnownFileType = sourcecode.swift; path = PermissionCardItem.swift; sourceTree = "<group>"; };
		F2DA51072F50712C008196FF /* PermissionManager.swift */ = {isa = PBXFileReference; lastKnownFileType = sourcecode.swift; path = PermissionManager.swift; sourceTree = "<group>"; };
		F2DA510A2F50714A008196FF /* AppPermissionType.swift */ = {isa = PBXFileReference; lastKnownFileType = sourcecode.swift; path = AppPermissionType.swift; sourceTree = "<group>"; };
		F2DA510C2F507168008196FF /* PermissionCardState.swift */ = {isa = PBXFileReference; lastKnownFileType = sourcecode.swift; path = PermissionCardState.swift; sourceTree = "<group>"; };
		F2DA510E2F507FC0008196FF /* CGFloat+Extension.swift */ = {isa = PBXFileReference; lastKnownFileType = sourcecode.swift; path = "CGFloat+Extension.swift"; sourceTree = "<group>"; };
		F2DA51112F508653008196FF /* SettingsView.swift */ = {isa = PBXFileReference; lastKnownFileType = sourcecode.swift; path = SettingsView.swift; sourceTree = "<group>"; };
		F2DA51132F509A05008196FF /* Line.swift */ = {isa = PBXFileReference; lastKnownFileType = sourcecode.swift; path = Line.swift; sourceTree = "<group>"; };
		F2DA51152F509B38008196FF /* SettingSectionsView.swift */ = {isa = PBXFileReference; lastKnownFileType = sourcecode.swift; path = SettingSectionsView.swift; sourceTree = "<group>"; };
/* End PBXFileReference section */

/* Begin PBXFrameworksBuildPhase section */
		F2DA50BE2F504D57008196FF /* Frameworks */ = {
			isa = PBXFrameworksBuildPhase;
			buildActionMask = 2147483647;
			files = (
			);
			runOnlyForDeploymentPostprocessing = 0;
		};
		F2DA50CB2F504D59008196FF /* Frameworks */ = {
			isa = PBXFrameworksBuildPhase;
			buildActionMask = 2147483647;
			files = (
			);
			runOnlyForDeploymentPostprocessing = 0;
		};
		F2DA50D52F504D59008196FF /* Frameworks */ = {
			isa = PBXFrameworksBuildPhase;
			buildActionMask = 2147483647;
			files = (
			);
			runOnlyForDeploymentPostprocessing = 0;
		};
/* End PBXFrameworksBuildPhase section */

/* Begin PBXGroup section */
		F218DFFB2F56FB9B001AD1D4 /* Travel */ = {
			isa = PBXGroup;
			children = (
				F218DFFC2F56FBA6001AD1D4 /* Card.swift */,
			);
			path = Travel;
			sourceTree = "<group>";
		};
		F22B46B02F56D8B8001384C9 /* Travel Expenses */ = {
			isa = PBXGroup;
			children = (
				F22B46B12F56D8D2001384C9 /* TravelExpenses.swift */,
				F218DFFE2F56FBBA001AD1D4 /* TravelCardView.swift */,
			);
			path = "Travel Expenses";
			sourceTree = "<group>";
		};
		F28808222F5197AE00413EE6 /* Paywall */ = {
			isa = PBXGroup;
			children = (
				F28808232F5197C000413EE6 /* PaywallView.swift */,
				F28808252F51AB9700413EE6 /* ProductCardView.swift */,
			);
			path = Paywall;
			sourceTree = "<group>";
		};
		F28808272F51AEFA00413EE6 /* Paywall */ = {
			isa = PBXGroup;
			children = (
				F28808282F51AF0A00413EE6 /* Package.swift */,
				F288082A2F51B9E800413EE6 /* AlertItem.swift */,
			);
			path = Paywall;
			sourceTree = "<group>";
		};
		F288082C2F51C9B700413EE6 /* AddPlace */ = {
			isa = PBXGroup;
			children = (
				F288082D2F51C9D600413EE6 /* AddPlaceView.swift */,
			);
			path = AddPlace;
			sourceTree = "<group>";
		};
		F288082F2F51DB6800413EE6 /* AddNewPlace */ = {
			isa = PBXGroup;
			children = (
				F28808302F51DB7800413EE6 /* Place.swift */,
			);
			path = AddNewPlace;
			sourceTree = "<group>";
		};
		F28808322F51E1D400413EE6 /* Home */ = {
			isa = PBXGroup;
			children = (
				F28808332F51E1E600413EE6 /* HomeView.swift */,
			);
			path = Home;
			sourceTree = "<group>";
		};
		F2A5EA7A2F558DDC0064C23E /* Popup */ = {
			isa = PBXGroup;
			children = (
				F2A5EA7B2F558DF50064C23E /* PopupView.swift */,
			);
			path = Popup;
			sourceTree = "<group>";
		};
		F2A5EA7D2F55A47B0064C23E /* ViewModels */ = {
			isa = PBXGroup;
			children = (
				F2A5EA7E2F55A48F0064C23E /* PopupViewModel.swift */,
			);
			path = ViewModels;
			sourceTree = "<group>";
		};
		F2A5EA802F55A4F50064C23E /* PopupView */ = {
			isa = PBXGroup;
			children = (
				F2A5EA812F55A4FE0064C23E /* Country.swift */,
			);
			path = PopupView;
			sourceTree = "<group>";
		};
		F2DA50B82F504D57008196FF = {
			isa = PBXGroup;
			children = (
				F2DA50EE2F504D7B008196FF /* SwiftUIChallange */,
				F2DA50F32F504D7E008196FF /* SwiftUIChallangeTests */,
				F2DA50F72F504D83008196FF /* SwiftUIChallangeUITests */,
				F2DA50C22F504D57008196FF /* Products */,
			);
			sourceTree = "<group>";
		};
		F2DA50C22F504D57008196FF /* Products */ = {
			isa = PBXGroup;
			children = (
				F2DA50C12F504D57008196FF /* SwiftUIChallange.app */,
				F2DA50CE2F504D59008196FF /* SwiftUIChallangeTests.xctest */,
				F2DA50D82F504D59008196FF /* SwiftUIChallangeUITests.xctest */,
			);
			name = Products;
			sourceTree = "<group>";
		};
		F2DA50EE2F504D7B008196FF /* SwiftUIChallange */ = {
			isa = PBXGroup;
			children = (
				F2DA50FB2F504DE8008196FF /* App */,
				F2DA50FA2F504DDC008196FF /* Resources */,
				F2DA51082F50712C008196FF /* Managers */,
				F2DA50FE2F504F03008196FF /* Extensions */,
				F2DA51042F505D6B008196FF /* Models */,
				F2A5EA7D2F55A47B0064C23E /* ViewModels */,
				F2DA50FC2F504DF7008196FF /* Views */,
			);
			path = SwiftUIChallange;
			sourceTree = "<group>";
		};
		F2DA50F32F504D7E008196FF /* SwiftUIChallangeTests */ = {
			isa = PBXGroup;
			children = (
				F2DA50F22F504D7E008196FF /* SwiftUIChallangeTests.swift */,
			);
			path = SwiftUIChallangeTests;
			sourceTree = "<group>";
		};
		F2DA50F72F504D83008196FF /* SwiftUIChallangeUITests */ = {
			isa = PBXGroup;
			children = (
				F2DA50F52F504D83008196FF /* SwiftUIChallangeUITests.swift */,
				F2DA50F62F504D83008196FF /* SwiftUIChallangeUITestsLaunchTests.swift */,
			);
			path = SwiftUIChallangeUITests;
			sourceTree = "<group>";
		};
		F2DA50FA2F504DDC008196FF /* Resources */ = {
			isa = PBXGroup;
			children = (
				F2DA50EB2F504D7B008196FF /* Assets.xcassets */,
			);
			path = Resources;
			sourceTree = "<group>";
		};
		F2DA50FB2F504DE8008196FF /* App */ = {
			isa = PBXGroup;
			children = (
				F2DA50ED2F504D7B008196FF /* SwiftUIChallangeApp.swift */,
			);
			path = App;
			sourceTree = "<group>";
		};
		F2DA50FC2F504DF7008196FF /* Views */ = {
			isa = PBXGroup;
			children = (
				F28808322F51E1D400413EE6 /* Home */,
				F288082C2F51C9B700413EE6 /* AddPlace */,
				F28808222F5197AE00413EE6 /* Paywall */,
				F2DA51102F508645008196FF /* Settings */,
				F2A5EA7A2F558DDC0064C23E /* Popup */,
				F2DA51012F504FE6008196FF /* Permisson */,
				F22B46B02F56D8B8001384C9 /* Travel Expenses */,
			);
			path = Views;
			sourceTree = "<group>";
		};
		F2DA50FE2F504F03008196FF /* Extensions */ = {
			isa = PBXGroup;
			children = (
				F2DA50FF2F504F20008196FF /* Color+Extension.swift */,
				F2DA510E2F507FC0008196FF /* CGFloat+Extension.swift */,
				F2DA51132F509A05008196FF /* Line.swift */,
				F22B46B32F56EFF0001384C9 /* View+Extension.swift */,
			);
			path = Extensions;
			sourceTree = "<group>";
		};
		F2DA51012F504FE6008196FF /* Permisson */ = {
			isa = PBXGroup;
			children = (
				F2DA50EC2F504D7B008196FF /* PermissionsView.swift */,
				F2DA51022F504FFD008196FF /* PermissionCard.swift */,
			);
			path = Permisson;
			sourceTree = "<group>";
		};
		F2DA51042F505D6B008196FF /* Models */ = {
			isa = PBXGroup;
			children = (
				F218DFFB2F56FB9B001AD1D4 /* Travel */,
				F2A5EA802F55A4F50064C23E /* PopupView */,
				F288082F2F51DB6800413EE6 /* AddNewPlace */,
				F28808272F51AEFA00413EE6 /* Paywall */,
				F2DA51052F505D75008196FF /* PermissionCardItem.swift */,
				F2DA510A2F50714A008196FF /* AppPermissionType.swift */,
				F2DA510C2F507168008196FF /* PermissionCardState.swift */,
			);
			path = Models;
			sourceTree = "<group>";
		};
		F2DA51082F50712C008196FF /* Managers */ = {
			isa = PBXGroup;
			children = (
				F2DA51072F50712C008196FF /* PermissionManager.swift */,
			);
			path = Managers;
			sourceTree = "<group>";
		};
		F2DA51102F508645008196FF /* Settings */ = {
			isa = PBXGroup;
			children = (
				F2DA51112F508653008196FF /* SettingsView.swift */,
				F2DA51152F509B38008196FF /* SettingSectionsView.swift */,
			);
			path = Settings;
			sourceTree = "<group>";
		};
/* End PBXGroup section */

/* Begin PBXNativeTarget section */
		F2DA50C02F504D57008196FF /* SwiftUIChallange */ = {
			isa = PBXNativeTarget;
			buildConfigurationList = F2DA50E22F504D59008196FF /* Build configuration list for PBXNativeTarget "SwiftUIChallange" */;
			buildPhases = (
				F2DA50BD2F504D57008196FF /* Sources */,
				F2DA50BE2F504D57008196FF /* Frameworks */,
				F2DA50BF2F504D57008196FF /* Resources */,
			);
			buildRules = (
			);
			dependencies = (
			);
			name = SwiftUIChallange;
			packageProductDependencies = (
			);
			productName = SwiftUIChallange;
			productReference = F2DA50C12F504D57008196FF /* SwiftUIChallange.app */;
			productType = "com.apple.product-type.application";
		};
		F2DA50CD2F504D59008196FF /* SwiftUIChallangeTests */ = {
			isa = PBXNativeTarget;
			buildConfigurationList = F2DA50E52F504D59008196FF /* Build configuration list for PBXNativeTarget "SwiftUIChallangeTests" */;
			buildPhases = (
				F2DA50CA2F504D59008196FF /* Sources */,
				F2DA50CB2F504D59008196FF /* Frameworks */,
				F2DA50CC2F504D59008196FF /* Resources */,
			);
			buildRules = (
			);
			dependencies = (
				F2DA50D02F504D59008196FF /* PBXTargetDependency */,
			);
			name = SwiftUIChallangeTests;
			packageProductDependencies = (
			);
			productName = SwiftUIChallangeTests;
			productReference = F2DA50CE2F504D59008196FF /* SwiftUIChallangeTests.xctest */;
			productType = "com.apple.product-type.bundle.unit-test";
		};
		F2DA50D72F504D59008196FF /* SwiftUIChallangeUITests */ = {
			isa = PBXNativeTarget;
			buildConfigurationList = F2DA50E82F504D59008196FF /* Build configuration list for PBXNativeTarget "SwiftUIChallangeUITests" */;
			buildPhases = (
				F2DA50D42F504D59008196FF /* Sources */,
				F2DA50D52F504D59008196FF /* Frameworks */,
				F2DA50D62F504D59008196FF /* Resources */,
			);
			buildRules = (
			);
			dependencies = (
				F2DA50DA2F504D59008196FF /* PBXTargetDependency */,
			);
			name = SwiftUIChallangeUITests;
			packageProductDependencies = (
			);
			productName = SwiftUIChallangeUITests;
			productReference = F2DA50D82F504D59008196FF /* SwiftUIChallangeUITests.xctest */;
			productType = "com.apple.product-type.bundle.ui-testing";
		};
/* End PBXNativeTarget section */

/* Begin PBXProject section */
		F2DA50B92F504D57008196FF /* Project object */ = {
			isa = PBXProject;
			attributes = {
				BuildIndependentTargetsInParallel = 1;
				LastSwiftUpdateCheck = 2620;
				LastUpgradeCheck = 2620;
				TargetAttributes = {
					F2DA50C02F504D57008196FF = {
						CreatedOnToolsVersion = 26.2;
					};
					F2DA50CD2F504D59008196FF = {
						CreatedOnToolsVersion = 26.2;
						TestTargetID = F2DA50C02F504D57008196FF;
					};
					F2DA50D72F504D59008196FF = {
						CreatedOnToolsVersion = 26.2;
						TestTargetID = F2DA50C02F504D57008196FF;
					};
				};
			};
			buildConfigurationList = F2DA50BC2F504D57008196FF /* Build configuration list for PBXProject "SwiftUIChallange" */;
			developmentRegion = en;
			hasScannedForEncodings = 0;
			knownRegions = (
				en,
				Base,
			);
			mainGroup = F2DA50B82F504D57008196FF;
			minimizedProjectReferenceProxies = 1;
			preferredProjectObjectVersion = 77;
			productRefGroup = F2DA50C22F504D57008196FF /* Products */;
			projectDirPath = "";
			projectRoot = "";
			targets = (
				F2DA50C02F504D57008196FF /* SwiftUIChallange */,
				F2DA50CD2F504D59008196FF /* SwiftUIChallangeTests */,
				F2DA50D72F504D59008196FF /* SwiftUIChallangeUITests */,
			);
		};
/* End PBXProject section */

/* Begin PBXResourcesBuildPhase section */
		F2DA50BF2F504D57008196FF /* Resources */ = {
			isa = PBXResourcesBuildPhase;
			buildActionMask = 2147483647;
			files = (
				F2DA50EF2F504D7B008196FF /* Assets.xcassets in Resources */,
			);
			runOnlyForDeploymentPostprocessing = 0;
		};
		F2DA50CC2F504D59008196FF /* Resources */ = {
			isa = PBXResourcesBuildPhase;
			buildActionMask = 2147483647;
			files = (
			);
			runOnlyForDeploymentPostprocessing = 0;
		};
		F2DA50D62F504D59008196FF /* Resources */ = {
			isa = PBXResourcesBuildPhase;
			buildActionMask = 2147483647;
			files = (
			);
			runOnlyForDeploymentPostprocessing = 0;
		};
/* End PBXResourcesBuildPhase section */

/* Begin PBXSourcesBuildPhase section */
		F2DA50BD2F504D57008196FF /* Sources */ = {
			isa = PBXSourcesBuildPhase;
			buildActionMask = 2147483647;
			files = (
				F288082E2F51C9D600413EE6 /* AddPlaceView.swift in Sources */,
				F2A5EA7F2F55A48F0064C23E /* PopupViewModel.swift in Sources */,
				F218DFFD2F56FBA6001AD1D4 /* Card.swift in Sources */,
				F28808242F5197C000413EE6 /* PaywallView.swift in Sources */,
				F288082B2F51B9E800413EE6 /* AlertItem.swift in Sources */,
				F2DA510D2F507168008196FF /* PermissionCardState.swift in Sources */,
				F2DA50F02F504D7B008196FF /* PermissionsView.swift in Sources */,
				F2DA51062F505D75008196FF /* PermissionCardItem.swift in Sources */,
				F2DA510B2F50714A008196FF /* AppPermissionType.swift in Sources */,
				F22B46B22F56D8D2001384C9 /* TravelExpenses.swift in Sources */,
				F2DA51092F50712C008196FF /* PermissionManager.swift in Sources */,
				F22B46B42F56EFF0001384C9 /* View+Extension.swift in Sources */,
				F28808292F51AF0A00413EE6 /* Package.swift in Sources */,
				F28808262F51AB9700413EE6 /* ProductCardView.swift in Sources */,
				F2DA51122F508653008196FF /* SettingsView.swift in Sources */,
				F2DA510F2F507FC0008196FF /* CGFloat+Extension.swift in Sources */,
				F2DA51002F504F20008196FF /* Color+Extension.swift in Sources */,
				F2A5EA7C2F558DF50064C23E /* PopupView.swift in Sources */,
				F2DA51032F504FFD008196FF /* PermissionCard.swift in Sources */,
				F2DA51162F509B38008196FF /* SettingSectionsView.swift in Sources */,
				F218DFFF2F56FBBA001AD1D4 /* TravelCardView.swift in Sources */,
				F28808312F51DB7800413EE6 /* Place.swift in Sources */,
				F2A5EA822F55A4FE0064C23E /* Country.swift in Sources */,
				F2DA51142F509A05008196FF /* Line.swift in Sources */,
				F2DA50F12F504D7B008196FF /* SwiftUIChallangeApp.swift in Sources */,
				F28808342F51E1E600413EE6 /* HomeView.swift in Sources */,
			);
			runOnlyForDeploymentPostprocessing = 0;
		};
		F2DA50CA2F504D59008196FF /* Sources */ = {
			isa = PBXSourcesBuildPhase;
			buildActionMask = 2147483647;
			files = (
				F2DA50F42F504D7E008196FF /* SwiftUIChallangeTests.swift in Sources */,
			);
			runOnlyForDeploymentPostprocessing = 0;
		};
		F2DA50D42F504D59008196FF /* Sources */ = {
			isa = PBXSourcesBuildPhase;
			buildActionMask = 2147483647;
			files = (
				F2DA50F82F504D83008196FF /* SwiftUIChallangeUITests.swift in Sources */,
				F2DA50F92F504D83008196FF /* SwiftUIChallangeUITestsLaunchTests.swift in Sources */,
			);
			runOnlyForDeploymentPostprocessing = 0;
		};
/* End PBXSourcesBuildPhase section */

/* Begin PBXTargetDependency section */
		F2DA50D02F504D59008196FF /* PBXTargetDependency */ = {
			isa = PBXTargetDependency;
			target = F2DA50C02F504D57008196FF /* SwiftUIChallange */;
			targetProxy = F2DA50CF2F504D59008196FF /* PBXContainerItemProxy */;
		};
		F2DA50DA2F504D59008196FF /* PBXTargetDependency */ = {
			isa = PBXTargetDependency;
			target = F2DA50C02F504D57008196FF /* SwiftUIChallange */;
			targetProxy = F2DA50D92F504D59008196FF /* PBXContainerItemProxy */;
		};
/* End PBXTargetDependency section */

/* Begin XCBuildConfiguration section */
		F2DA50E02F504D59008196FF /* Debug */ = {
			isa = XCBuildConfiguration;
			buildSettings = {
				ALWAYS_SEARCH_USER_PATHS = NO;
				ASSETCATALOG_COMPILER_GENERATE_SWIFT_ASSET_SYMBOL_EXTENSIONS = YES;
				CLANG_ANALYZER_NONNULL = YES;
				CLANG_ANALYZER_NUMBER_OBJECT_CONVERSION = YES_AGGRESSIVE;
				CLANG_CXX_LANGUAGE_STANDARD = "gnu++20";
				CLANG_ENABLE_MODULES = YES;
				CLANG_ENABLE_OBJC_ARC = YES;
				CLANG_ENABLE_OBJC_WEAK = YES;
				CLANG_WARN_BLOCK_CAPTURE_AUTORELEASING = YES;
				CLANG_WARN_BOOL_CONVERSION = YES;
				CLANG_WARN_COMMA = YES;
				CLANG_WARN_CONSTANT_CONVERSION = YES;
				CLANG_WARN_DEPRECATED_OBJC_IMPLEMENTATIONS = YES;
				CLANG_WARN_DIRECT_OBJC_ISA_USAGE = YES_ERROR;
				CLANG_WARN_DOCUMENTATION_COMMENTS = YES;
				CLANG_WARN_EMPTY_BODY = YES;
				CLANG_WARN_ENUM_CONVERSION = YES;
				CLANG_WARN_INFINITE_RECURSION = YES;
				CLANG_WARN_INT_CONVERSION = YES;
				CLANG_WARN_NON_LITERAL_NULL_CONVERSION = YES;
				CLANG_WARN_OBJC_IMPLICIT_RETAIN_SELF = YES;
				CLANG_WARN_OBJC_LITERAL_CONVERSION = YES;
				CLANG_WARN_OBJC_ROOT_CLASS = YES_ERROR;
				CLANG_WARN_QUOTED_INCLUDE_IN_FRAMEWORK_HEADER = YES;
				CLANG_WARN_RANGE_LOOP_ANALYSIS = YES;
				CLANG_WARN_STRICT_PROTOTYPES = YES;
				CLANG_WARN_SUSPICIOUS_MOVE = YES;
				CLANG_WARN_UNGUARDED_AVAILABILITY = YES_AGGRESSIVE;
				CLANG_WARN_UNREACHABLE_CODE = YES;
				CLANG_WARN__DUPLICATE_METHOD_MATCH = YES;
				COPY_PHASE_STRIP = NO;
				DEBUG_INFORMATION_FORMAT = dwarf;
				DEVELOPMENT_TEAM = N26XM7U465;
				ENABLE_STRICT_OBJC_MSGSEND = YES;
				ENABLE_TESTABILITY = YES;
				ENABLE_USER_SCRIPT_SANDBOXING = YES;
				GCC_C_LANGUAGE_STANDARD = gnu17;
				GCC_DYNAMIC_NO_PIC = NO;
				GCC_NO_COMMON_BLOCKS = YES;
				GCC_OPTIMIZATION_LEVEL = 0;
				GCC_PREPROCESSOR_DEFINITIONS = (
					"DEBUG=1",
					"$(inherited)",
				);
				GCC_WARN_64_TO_32_BIT_CONVERSION = YES;
				GCC_WARN_ABOUT_RETURN_TYPE = YES_ERROR;
				GCC_WARN_UNDECLARED_SELECTOR = YES;
				GCC_WARN_UNINITIALIZED_AUTOS = YES_AGGRESSIVE;
				GCC_WARN_UNUSED_FUNCTION = YES;
				GCC_WARN_UNUSED_VARIABLE = YES;
				IPHONEOS_DEPLOYMENT_TARGET = 26.2;
				LOCALIZATION_PREFERS_STRING_CATALOGS = YES;
				MTL_ENABLE_DEBUG_INFO = INCLUDE_SOURCE;
				MTL_FAST_MATH = YES;
				ONLY_ACTIVE_ARCH = YES;
				SDKROOT = iphoneos;
				SWIFT_ACTIVE_COMPILATION_CONDITIONS = "DEBUG $(inherited)";
				SWIFT_OPTIMIZATION_LEVEL = "-Onone";
			};
			name = Debug;
		};
		F2DA50E12F504D59008196FF /* Release */ = {
			isa = XCBuildConfiguration;
			buildSettings = {
				ALWAYS_SEARCH_USER_PATHS = NO;
				ASSETCATALOG_COMPILER_GENERATE_SWIFT_ASSET_SYMBOL_EXTENSIONS = YES;
				CLANG_ANALYZER_NONNULL = YES;
				CLANG_ANALYZER_NUMBER_OBJECT_CONVERSION = YES_AGGRESSIVE;
				CLANG_CXX_LANGUAGE_STANDARD = "gnu++20";
				CLANG_ENABLE_MODULES = YES;
				CLANG_ENABLE_OBJC_ARC = YES;
				CLANG_ENABLE_OBJC_WEAK = YES;
				CLANG_WARN_BLOCK_CAPTURE_AUTORELEASING = YES;
				CLANG_WARN_BOOL_CONVERSION = YES;
				CLANG_WARN_COMMA = YES;
				CLANG_WARN_CONSTANT_CONVERSION = YES;
				CLANG_WARN_DEPRECATED_OBJC_IMPLEMENTATIONS = YES;
				CLANG_WARN_DIRECT_OBJC_ISA_USAGE = YES_ERROR;
				CLANG_WARN_DOCUMENTATION_COMMENTS = YES;
				CLANG_WARN_EMPTY_BODY = YES;
				CLANG_WARN_ENUM_CONVERSION = YES;
				CLANG_WARN_INFINITE_RECURSION = YES;
				CLANG_WARN_INT_CONVERSION = YES;
				CLANG_WARN_NON_LITERAL_NULL_CONVERSION = YES;
				CLANG_WARN_OBJC_IMPLICIT_RETAIN_SELF = YES;
				CLANG_WARN_OBJC_LITERAL_CONVERSION = YES;
				CLANG_WARN_OBJC_ROOT_CLASS = YES_ERROR;
				CLANG_WARN_QUOTED_INCLUDE_IN_FRAMEWORK_HEADER = YES;
				CLANG_WARN_RANGE_LOOP_ANALYSIS = YES;
				CLANG_WARN_STRICT_PROTOTYPES = YES;
				CLANG_WARN_SUSPICIOUS_MOVE = YES;
				CLANG_WARN_UNGUARDED_AVAILABILITY = YES_AGGRESSIVE;
				CLANG_WARN_UNREACHABLE_CODE = YES;
				CLANG_WARN__DUPLICATE_METHOD_MATCH = YES;
				COPY_PHASE_STRIP = NO;
				DEBUG_INFORMATION_FORMAT = "dwarf-with-dsym";
				DEVELOPMENT_TEAM = N26XM7U465;
				ENABLE_NS_ASSERTIONS = NO;
				ENABLE_STRICT_OBJC_MSGSEND = YES;
				ENABLE_USER_SCRIPT_SANDBOXING = YES;
				GCC_C_LANGUAGE_STANDARD = gnu17;
				GCC_NO_COMMON_BLOCKS = YES;
				GCC_WARN_64_TO_32_BIT_CONVERSION = YES;
				GCC_WARN_ABOUT_RETURN_TYPE = YES_ERROR;
				GCC_WARN_UNDECLARED_SELECTOR = YES;
				GCC_WARN_UNINITIALIZED_AUTOS = YES_AGGRESSIVE;
				GCC_WARN_UNUSED_FUNCTION = YES;
				GCC_WARN_UNUSED_VARIABLE = YES;
				IPHONEOS_DEPLOYMENT_TARGET = 26.2;
				LOCALIZATION_PREFERS_STRING_CATALOGS = YES;
				MTL_ENABLE_DEBUG_INFO = NO;
				MTL_FAST_MATH = YES;
				SDKROOT = iphoneos;
				SWIFT_COMPILATION_MODE = wholemodule;
				VALIDATE_PRODUCT = YES;
			};
			name = Release;
		};
		F2DA50E32F504D59008196FF /* Debug */ = {
			isa = XCBuildConfiguration;
			buildSettings = {
				ASSETCATALOG_COMPILER_APPICON_NAME = AppIcon;
				ASSETCATALOG_COMPILER_GLOBAL_ACCENT_COLOR_NAME = AccentColor;
				CODE_SIGN_STYLE = Automatic;
				CURRENT_PROJECT_VERSION = 1;
				DEVELOPMENT_TEAM = N26XM7U465;
				ENABLE_PREVIEWS = YES;
				GENERATE_INFOPLIST_FILE = YES;
				INFOPLIST_KEY_CFBundleDisplayName = "Desing Challange";
				INFOPLIST_KEY_LSApplicationCategoryType = "public.app-category.developer-tools";
				INFOPLIST_KEY_NSLocationAlwaysAndWhenInUseUsageDescription = "Allow location access even in the background so your circle can always see your up-to-date location.";
				INFOPLIST_KEY_NSLocationWhenInUseUsageDescription = "Allow location access while using the app so your circle can see where you are.";
				INFOPLIST_KEY_NSMotionUsageDescription = "Allow motion activity so the app can update your location only when you move and save battery life.";
				INFOPLIST_KEY_UIApplicationSceneManifest_Generation = YES;
				INFOPLIST_KEY_UIApplicationSupportsIndirectInputEvents = YES;
				INFOPLIST_KEY_UILaunchScreen_Generation = YES;
				INFOPLIST_KEY_UISupportedInterfaceOrientations_iPad = "UIInterfaceOrientationPortrait UIInterfaceOrientationPortraitUpsideDown UIInterfaceOrientationLandscapeLeft UIInterfaceOrientationLandscapeRight";
				INFOPLIST_KEY_UISupportedInterfaceOrientations_iPhone = "UIInterfaceOrientationPortrait UIInterfaceOrientationLandscapeLeft UIInterfaceOrientationLandscapeRight";
				IPHONEOS_DEPLOYMENT_TARGET = 16.6;
				LD_RUNPATH_SEARCH_PATHS = (
					"$(inherited)",
					"@executable_path/Frameworks",
				);
				MARKETING_VERSION = 1.0;
				PRODUCT_BUNDLE_IDENTIFIER = com.coder.test.SwiftUIChallange;
				PRODUCT_NAME = "$(TARGET_NAME)";
				STRING_CATALOG_GENERATE_SYMBOLS = YES;
				SWIFT_APPROACHABLE_CONCURRENCY = YES;
				SWIFT_DEFAULT_ACTOR_ISOLATION = MainActor;
				SWIFT_EMIT_LOC_STRINGS = YES;
				SWIFT_UPCOMING_FEATURE_MEMBER_IMPORT_VISIBILITY = YES;
				SWIFT_VERSION = 5.0;
				TARGETED_DEVICE_FAMILY = "1,2";
			};
			name = Debug;
		};
		F2DA50E42F504D59008196FF /* Release */ = {
			isa = XCBuildConfiguration;
			buildSettings = {
				ASSETCATALOG_COMPILER_APPICON_NAME = AppIcon;
				ASSETCATALOG_COMPILER_GLOBAL_ACCENT_COLOR_NAME = AccentColor;
				CODE_SIGN_STYLE = Automatic;
				CURRENT_PROJECT_VERSION = 1;
				DEVELOPMENT_TEAM = N26XM7U465;
				ENABLE_PREVIEWS = YES;
				GENERATE_INFOPLIST_FILE = YES;
				INFOPLIST_KEY_CFBundleDisplayName = "Desing Challange";
				INFOPLIST_KEY_LSApplicationCategoryType = "public.app-category.developer-tools";
				INFOPLIST_KEY_NSLocationAlwaysAndWhenInUseUsageDescription = "Allow location access even in the background so your circle can always see your up-to-date location.";
				INFOPLIST_KEY_NSLocationWhenInUseUsageDescription = "Allow location access while using the app so your circle can see where you are.";
				INFOPLIST_KEY_NSMotionUsageDescription = "Allow motion activity so the app can update your location only when you move and save battery life.";
				INFOPLIST_KEY_UIApplicationSceneManifest_Generation = YES;
				INFOPLIST_KEY_UIApplicationSupportsIndirectInputEvents = YES;
				INFOPLIST_KEY_UILaunchScreen_Generation = YES;
				INFOPLIST_KEY_UISupportedInterfaceOrientations_iPad = "UIInterfaceOrientationPortrait UIInterfaceOrientationPortraitUpsideDown UIInterfaceOrientationLandscapeLeft UIInterfaceOrientationLandscapeRight";
				INFOPLIST_KEY_UISupportedInterfaceOrientations_iPhone = "UIInterfaceOrientationPortrait UIInterfaceOrientationLandscapeLeft UIInterfaceOrientationLandscapeRight";
				IPHONEOS_DEPLOYMENT_TARGET = 16.6;
				LD_RUNPATH_SEARCH_PATHS = (
					"$(inherited)",
					"@executable_path/Frameworks",
				);
				MARKETING_VERSION = 1.0;
				PRODUCT_BUNDLE_IDENTIFIER = com.coder.test.SwiftUIChallange;
				PRODUCT_NAME = "$(TARGET_NAME)";
				STRING_CATALOG_GENERATE_SYMBOLS = YES;
				SWIFT_APPROACHABLE_CONCURRENCY = YES;
				SWIFT_DEFAULT_ACTOR_ISOLATION = MainActor;
				SWIFT_EMIT_LOC_STRINGS = YES;
				SWIFT_UPCOMING_FEATURE_MEMBER_IMPORT_VISIBILITY = YES;
				SWIFT_VERSION = 5.0;
				TARGETED_DEVICE_FAMILY = "1,2";
			};
			name = Release;
		};
		F2DA50E62F504D59008196FF /* Debug */ = {
			isa = XCBuildConfiguration;
			buildSettings = {
				BUNDLE_LOADER = "$(TEST_HOST)";
				CODE_SIGN_STYLE = Automatic;
				CURRENT_PROJECT_VERSION = 1;
				DEVELOPMENT_TEAM = N26XM7U465;
				GENERATE_INFOPLIST_FILE = YES;
				IPHONEOS_DEPLOYMENT_TARGET = 26.2;
				MARKETING_VERSION = 1.0;
				PRODUCT_BUNDLE_IDENTIFIER = com.coder.test.SwiftUIChallangeTests;
				PRODUCT_NAME = "$(TARGET_NAME)";
				STRING_CATALOG_GENERATE_SYMBOLS = NO;
				SWIFT_APPROACHABLE_CONCURRENCY = YES;
				SWIFT_EMIT_LOC_STRINGS = NO;
				SWIFT_UPCOMING_FEATURE_MEMBER_IMPORT_VISIBILITY = YES;
				SWIFT_VERSION = 5.0;
				TARGETED_DEVICE_FAMILY = "1,2";
				TEST_HOST = "$(BUILT_PRODUCTS_DIR)/SwiftUIChallange.app/$(BUNDLE_EXECUTABLE_FOLDER_PATH)/SwiftUIChallange";
			};
			name = Debug;
		};
		F2DA50E72F504D59008196FF /* Release */ = {
			isa = XCBuildConfiguration;
			buildSettings = {
				BUNDLE_LOADER = "$(TEST_HOST)";
				CODE_SIGN_STYLE = Automatic;
				CURRENT_PROJECT_VERSION = 1;
				DEVELOPMENT_TEAM = N26XM7U465;
				GENERATE_INFOPLIST_FILE = YES;
				IPHONEOS_DEPLOYMENT_TARGET = 26.2;
				MARKETING_VERSION = 1.0;
				PRODUCT_BUNDLE_IDENTIFIER = com.coder.test.SwiftUIChallangeTests;
				PRODUCT_NAME = "$(TARGET_NAME)";
				STRING_CATALOG_GENERATE_SYMBOLS = NO;
				SWIFT_APPROACHABLE_CONCURRENCY = YES;
				SWIFT_EMIT_LOC_STRINGS = NO;
				SWIFT_UPCOMING_FEATURE_MEMBER_IMPORT_VISIBILITY = YES;
				SWIFT_VERSION = 5.0;
				TARGETED_DEVICE_FAMILY = "1,2";
				TEST_HOST = "$(BUILT_PRODUCTS_DIR)/SwiftUIChallange.app/$(BUNDLE_EXECUTABLE_FOLDER_PATH)/SwiftUIChallange";
			};
			name = Release;
		};
		F2DA50E92F504D59008196FF /* Debug */ = {
			isa = XCBuildConfiguration;
			buildSettings = {
				CODE_SIGN_STYLE = Automatic;
				CURRENT_PROJECT_VERSION = 1;
				DEVELOPMENT_TEAM = N26XM7U465;
				GENERATE_INFOPLIST_FILE = YES;
				MARKETING_VERSION = 1.0;
				PRODUCT_BUNDLE_IDENTIFIER = com.coder.test.SwiftUIChallangeUITests;
				PRODUCT_NAME = "$(TARGET_NAME)";
				STRING_CATALOG_GENERATE_SYMBOLS = NO;
				SWIFT_APPROACHABLE_CONCURRENCY = YES;
				SWIFT_EMIT_LOC_STRINGS = NO;
				SWIFT_UPCOMING_FEATURE_MEMBER_IMPORT_VISIBILITY = YES;
				SWIFT_VERSION = 5.0;
				TARGETED_DEVICE_FAMILY = "1,2";
				TEST_TARGET_NAME = SwiftUIChallange;
			};
			name = Debug;
		};
		F2DA50EA2F504D59008196FF /* Release */ = {
			isa = XCBuildConfiguration;
			buildSettings = {
				CODE_SIGN_STYLE = Automatic;
				CURRENT_PROJECT_VERSION = 1;
				DEVELOPMENT_TEAM = N26XM7U465;
				GENERATE_INFOPLIST_FILE = YES;
				MARKETING_VERSION = 1.0;
				PRODUCT_BUNDLE_IDENTIFIER = com.coder.test.SwiftUIChallangeUITests;
				PRODUCT_NAME = "$(TARGET_NAME)";
				STRING_CATALOG_GENERATE_SYMBOLS = NO;
				SWIFT_APPROACHABLE_CONCURRENCY = YES;
				SWIFT_EMIT_LOC_STRINGS = NO;
				SWIFT_UPCOMING_FEATURE_MEMBER_IMPORT_VISIBILITY = YES;
				SWIFT_VERSION = 5.0;
				TARGETED_DEVICE_FAMILY = "1,2";
				TEST_TARGET_NAME = SwiftUIChallange;
			};
			name = Release;
		};
/* End XCBuildConfiguration section */

/* Begin XCConfigurationList section */
		F2DA50BC2F504D57008196FF /* Build configuration list for PBXProject "SwiftUIChallange" */ = {
			isa = XCConfigurationList;
			buildConfigurations = (
				F2DA50E02F504D59008196FF /* Debug */,
				F2DA50E12F504D59008196FF /* Release */,
			);
			defaultConfigurationIsVisible = 0;
			defaultConfigurationName = Release;
		};
		F2DA50E22F504D59008196FF /* Build configuration list for PBXNativeTarget "SwiftUIChallange" */ = {
			isa = XCConfigurationList;
			buildConfigurations = (
				F2DA50E32F504D59008196FF /* Debug */,
				F2DA50E42F504D59008196FF /* Release */,
			);
			defaultConfigurationIsVisible = 0;
			defaultConfigurationName = Release;
		};
		F2DA50E52F504D59008196FF /* Build configuration list for PBXNativeTarget "SwiftUIChallangeTests" */ = {
			isa = XCConfigurationList;
			buildConfigurations = (
				F2DA50E62F504D59008196FF /* Debug */,
				F2DA50E72F504D59008196FF /* Release */,
			);
			defaultConfigurationIsVisible = 0;
			defaultConfigurationName = Release;
		};
		F2DA50E82F504D59008196FF /* Build configuration list for PBXNativeTarget "SwiftUIChallangeUITests" */ = {
			isa = XCConfigurationList;
			buildConfigurations = (
				F2DA50E92F504D59008196FF /* Debug */,
				F2DA50EA2F504D59008196FF /* Release */,
			);
			defaultConfigurationIsVisible = 0;
			defaultConfigurationName = Release;
		};
/* End XCConfigurationList section */
	};
	rootObject = F2DA50B92F504D57008196FF /* Project object */;
}
